
Microsoft Visual Studio Solution File, Format Version 12.00
# Visual Studio Version 17
VisualStudioVersion = 17.5.33424.131
MinimumVisualStudioVersion = 10.0.40219.1
Project("{FAE04EC0-301F-11D3-BF4B-00C04F79EFBC}") = "DemoAPIApp", "DemoAPIApp\DemoAPIApp.csproj", "{04CF8DE8-3A60-455A-BA4C-2C21547B58FB}"
EndProject
Global
	GlobalSection(SolutionConfigurationPlatforms) = preSolution
		Debug|Any CPU = Debug|Any CPU
		Release|Any CPU = Release|Any CPU
	EndGlobalSection
	GlobalSection(ProjectConfigurationPlatforms) = postSolution
		{04CF8DE8-3A60-455A-BA4C-2C21547B58FB}.Debug|Any CPU.ActiveCfg = Debug|Any CPU
		{04CF8DE8-3A60-455A-BA4C-2C21547B58FB}.Debug|Any CPU.Build.0 = Debug|Any CPU
		{04CF8DE8-3A60-455A-BA4C-2C21547B58FB}.Release|Any CPU.ActiveCfg = Release|Any CPU
		{04CF8DE8-3A60-455A-BA4C-2C21547B58FB}.Release|Any CPU.Build.0 = Release|Any CPU
	EndGlobalSection
	GlobalSection(SolutionProperties) = preSolution
		HideSolutionNode = FALSE
	EndGlobalSection
	GlobalSection(ExtensibilityGlobals) = postSolution
		SolutionGuid = {F2B24DE3-0C58-473D-BE78-842BFB6CD55D}
	EndGlobalSection
EndGlobal
